{
  "requires": true,
  "lockfileVersion": 1,
  "dependencies": {
    "@nebular/eva-icons": {
      "version": "4.6.0",
      "resolved": "https://registry.npmjs.org/@nebular/eva-icons/-/eva-icons-4.6.0.tgz",
      "integrity": "sha512-bTTMWIIygu+D5SLtejbhyCCS/7UvXug5KMnbItEx5qZkPGCggjn6aS6FVBGQ2EVsNg3s4kVGhb1KDFAkLQkPWQ=="
    },
    "intersection-observer": {
      "version": "0.7.0",
      "resolved": "https://registry.npmjs.org/intersection-observer/-/intersection-observer-0.7.0.tgz",
      "integrity": "sha512-Id0Fij0HsB/vKWGeBe9PxeY45ttRiBmhFyyt/geBdDHBYNctMRTE3dC1U3ujzz3lap+hVXlEcVaB56kZP/eEUg=="
    }
  }
}
